// !$*UTF8*$!
{
	archiveVersion = 1;
	classes = {
	};
	objectVersion = 77;
	objects = {

/* Begin PBXContainerItemProxy section */
		7B6492802D6E1AF500231C19 /* PBXContainerItemProxy */ = {
			isa = PBXContainerItemProxy;
			containerPortal = 7B6492672D6E1AF300231C19 /* Project object */;
			proxyType = 1;
			remoteGlobalIDString = 7B64926E2D6E1AF300231C19;
			remoteInfo = LiesNLegendsOfficial;
		};
		7B64928A2D6E1AF500231C19 /* PBXContainerItemProxy */ = {
			isa = PBXContainerItemProxy;
			containerPortal = 7B6492672D6E1AF300231C19 /* Project object */;
			proxyType = 1;
			remoteGlobalIDString = 7B64926E2D6E1AF300231C19;
			remoteInfo = LiesNLegendsOfficial;
		};
/* End PBXContainerItemProxy section */

/* Begin PBXFileReference section */
		7B64926F2D6E1AF300231C19 /* LiesNLegendsOfficial.app */ = {isa = PBXFileReference; explicitFileType = wrapper.application; includeInIndex = 0; path = LiesNLegendsOfficial.app; sourceTree = BUILT_PRODUCTS_DIR; };
		7B64927F2D6E1AF500231C19 /* LiesNLegendsOfficialTests.xctest */ = {isa = PBXFileReference; explicitFileType = wrapper.cfbundle; includeInIndex = 0; path = LiesNLegendsOfficialTests.xctest; sourceTree = BUILT_PRODUCTS_DIR; };
		7B6492892D6E1AF500231C19 /* LiesNLegendsOfficialUITests.xctest */ = {isa = PBXFileReference; explicitFileType = wrapper.cfbundle; includeInIndex = 0; path = LiesNLegendsOfficialUITests.xctest; sourceTree = BUILT_PRODUCTS_DIR; };
/* End PBXFileReference section */

/* Begin PBXFileSystemSynchronizedRootGroup section */
		7B6492712D6E1AF300231C19 /* LiesNLegendsOfficial */ = {
			isa = PBXFileSystemSynchronizedRootGroup;
			path = LiesNLegendsOfficial;
			sourceTree = "<group>";
		};
		7B6492822D6E1AF500231C19 /* LiesNLegendsOfficialTests */ = {
			isa = PBXFileSystemSynchronizedRootGroup;
			path = LiesNLegendsOfficialTests;
			sourceTree = "<group>";
		};
		7B64928C2D6E1AF500231C19 /* LiesNLegendsOfficialUITests */ = {
			isa = PBXFileSystemSynchronizedRootGroup;
			path = LiesNLegendsOfficialUITests;
			sourceTree = "<group>";
		};
/* End PBXFileSystemSynchronizedRootGroup section */

/* Begin PBXFrameworksBuildPhase section */
		7B64926C2D6E1AF300231C19 /* Frameworks */ = {
			isa = PBXFrameworksBuildPhase;
			buildActionMask = 2147483647;
			files = (
			);
			runOnlyForDeploymentPostprocessing = 0;
		};
		7B64927C2D6E1AF500231C19 /* Frameworks */ = {
			isa = PBXFrameworksBuildPhase;
			buildActionMask = 2147483647;
			files = (
			);
			runOnlyForDeploymentPostprocessing = 0;
		};
		7B6492862D6E1AF500231C19 /* Frameworks */ = {
			isa = PBXFrameworksBuildPhase;
			buildActionMask = 2147483647;
			files = (
			);
			runOnlyForDeploymentPostprocessing = 0;
		};
/* End PBXFrameworksBuildPhase section */

/* Begin PBXGroup section */
		7B6492662D6E1AF300231C19 = {
			isa = PBXGroup;
			children = (
				7B6492712D6E1AF300231C19 /* LiesNLegendsOfficial */,
				7B6492822D6E1AF500231C19 /* LiesNLegendsOfficialTests */,
				7B64928C2D6E1AF500231C19 /* LiesNLegendsOfficialUITests */,
				7B6492702D6E1AF300231C19 /* Products */,
			);
			sourceTree = "<group>";
		};
		7B6492702D6E1AF300231C19 /* Products */ = {
			isa = PBXGroup;
			children = (
				7B64926F2D6E1AF300231C19 /* LiesNLegendsOfficial.app */,
				7B64927F2D6E1AF500231C19 /* LiesNLegendsOfficialTests.xctest */,
				7B6492892D6E1AF500231C19 /* LiesNLegendsOfficialUITests.xctest */,
			);
			name = Products;
			sourceTree = "<group>";
		};
/* End PBXGroup section */

/* Begin PBXNativeTarget section */
		7B64926E2D6E1AF300231C19 /* LiesNLegendsOfficial */ = {
			isa = PBXNativeTarget;
			buildConfigurationList = 7B6492932D6E1AF500231C19 /* Build configuration list for PBXNativeTarget "LiesNLegendsOfficial" */;
			buildPhases = (
				7B64926B2D6E1AF300231C19 /* Sources */,
				7B64926C2D6E1AF300231C19 /* Frameworks */,
				7B64926D2D6E1AF300231C19 /* Resources */,
			);
			buildRules = (
			);
			dependencies = (
			);
			fileSystemSynchronizedGroups = (
				7B6492712D6E1AF300231C19 /* LiesNLegendsOfficial */,
			);
			name = LiesNLegendsOfficial;
			packageProductDependencies = (
			);
			productName = LiesNLegendsOfficial;
			productReference = 7B64926F2D6E1AF300231C19 /* LiesNLegendsOfficial.app */;
			productType = "com.apple.product-type.application";
		};
		7B64927E2D6E1AF500231C19 /* LiesNLegendsOfficialTests */ = {
			isa = PBXNativeTarget;
			buildConfigurationList = 7B6492962D6E1AF500231C19 /* Build configuration list for PBXNativeTarget "LiesNLegendsOfficialTests" */;
			buildPhases = (
				7B64927B2D6E1AF500231C19 /* Sources */,
				7B64927C2D6E1AF500231C19 /* Frameworks */,
				7B64927D2D6E1AF500231C19 /* Resources */,
			);
			buildRules = (
			);
			dependencies = (
				7B6492812D6E1AF500231C19 /* PBXTargetDependency */,
			);
			fileSystemSynchronizedGroups = (
				7B6492822D6E1AF500231C19 /* LiesNLegendsOfficialTests */,
			);
			name = LiesNLegendsOfficialTests;
			packageProductDependencies = (
			);
			productName = LiesNLegendsOfficialTests;
			productReference = 7B64927F2D6E1AF500231C19 /* LiesNLegendsOfficialTests.xctest */;
			productType = "com.apple.product-type.bundle.unit-test";
		};
		7B6492882D6E1AF500231C19 /* LiesNLegendsOfficialUITests */ = {
			isa = PBXNativeTarget;
			buildConfigurationList = 7B6492992D6E1AF500231C19 /* Build configuration list for PBXNativeTarget "LiesNLegendsOfficialUITests" */;
			buildPhases = (
				7B6492852D6E1AF500231C19 /* Sources */,
				7B6492862D6E1AF500231C19 /* Frameworks */,
				7B6492872D6E1AF500231C19 /* Resources */,
			);
			buildRules = (
			);
			dependencies = (
				7B64928B2D6E1AF500231C19 /* PBXTargetDependency */,
			);
			fileSystemSynchronizedGroups = (
				7B64928C2D6E1AF500231C19 /* LiesNLegendsOfficialUITests */,
			);
			name = LiesNLegendsOfficialUITests;
			packageProductDependencies = (
			);
			productName = LiesNLegendsOfficialUITests;
			productReference = 7B6492892D6E1AF500231C19 /* LiesNLegendsOfficialUITests.xctest */;
			productType = "com.apple.product-type.bundle.ui-testing";
		};
/* End PBXNativeTarget section */

/* Begin PBXProject section */
		7B6492672D6E1AF300231C19 /* Project object */ = {
			isa = PBXProject;
			attributes = {
				BuildIndependentTargetsInParallel = 1;
				LastSwiftUpdateCheck = 1620;
				LastUpgradeCheck = 1620;
				TargetAttributes = {
					7B64926E2D6E1AF300231C19 = {
						CreatedOnToolsVersion = 16.2;
					};
					7B64927E2D6E1AF500231C19 = {
						CreatedOnToolsVersion = 16.2;
						TestTargetID = 7B64926E2D6E1AF300231C19;
					};
					7B6492882D6E1AF500231C19 = {
						CreatedOnToolsVersion = 16.2;
						TestTargetID = 7B64926E2D6E1AF300231C19;
					};
				};
			};
			buildConfigurationList = 7B64926A2D6E1AF300231C19 /* Build configuration list for PBXProject "LiesNLegendsOfficial" */;
			developmentRegion = en;
			hasScannedForEncodings = 0;
			knownRegions = (
				en,
				Base,
			);
			mainGroup = 7B6492662D6E1AF300231C19;
			minimizedProjectReferenceProxies = 1;
			preferredProjectObjectVersion = 77;
			productRefGroup = 7B6492702D6E1AF300231C19 /* Products */;
			projectDirPath = "";
			projectRoot = "";
			targets = (
				7B64926E2D6E1AF300231C19 /* LiesNLegendsOfficial */,
				7B64927E2D6E1AF500231C19 /* LiesNLegendsOfficialTests */,
				7B6492882D6E1AF500231C19 /* LiesNLegendsOfficialUITests */,
			);
		};
/* End PBXProject section */

/* Begin PBXResourcesBuildPhase section */
		7B64926D2D6E1AF300231C19 /* Resources */ = {
			isa = PBXResourcesBuildPhase;
			buildActionMask = 2147483647;
			files = (
			);
			runOnlyForDeploymentPostprocessing = 0;
		};
		7B64927D2D6E1AF500231C19 /* Resources */ = {
			isa = PBXResourcesBuildPhase;
			buildActionMask = 2147483647;
			files = (
			);
			runOnlyForDeploymentPostprocessing = 0;
		};
		7B6492872D6E1AF500231C19 /* Resources */ = {
			isa = PBXResourcesBuildPhase;
			buildActionMask = 2147483647;
			files = (
			);
			runOnlyForDeploymentPostprocessing = 0;
		};
/* End PBXResourcesBuildPhase section */

/* Begin PBXSourcesBuildPhase section */
		7B64926B2D6E1AF300231C19 /* Sources */ = {
			isa = PBXSourcesBuildPhase;
			buildActionMask = 2147483647;
			files = (
			);
			runOnlyForDeploymentPostprocessing = 0;
		};
		7B64927B2D6E1AF500231C19 /* Sources */ = {
			isa = PBXSourcesBuildPhase;
			buildActionMask = 2147483647;
			files = (
			);
			runOnlyForDeploymentPostprocessing = 0;
		};
		7B6492852D6E1AF500231C19 /* Sources */ = {
			isa = PBXSourcesBuildPhase;
			buildActionMask = 2147483647;
			files = (
			);
			runOnlyForDeploymentPostprocessing = 0;
		};
/* End PBXSourcesBuildPhase section */

/* Begin PBXTargetDependency section */
		7B6492812D6E1AF500231C19 /* PBXTargetDependency */ = {
			isa = PBXTargetDependency;
			target = 7B64926E2D6E1AF300231C19 /* LiesNLegendsOfficial */;
			targetProxy = 7B6492802D6E1AF500231C19 /* PBXContainerItemProxy */;
		};
		7B64928B2D6E1AF500231C19 /* PBXTargetDependency */ = {
			isa = PBXTargetDependency;
			target = 7B64926E2D6E1AF300231C19 /* LiesNLegendsOfficial */;
			targetProxy = 7B64928A2D6E1AF500231C19 /* PBXContainerItemProxy */;
		};
/* End PBXTargetDependency section */

/* Begin XCBuildConfiguration section */
		7B6492912D6E1AF500231C19 /* Debug */ = {
			isa = XCBuildConfiguration;
			buildSettings = {
				ALWAYS_SEARCH_USER_PATHS = NO;
				ASSETCATALOG_COMPILER_GENERATE_SWIFT_ASSET_SYMBOL_EXTENSIONS = YES;
				CLANG_ANALYZER_NONNULL = YES;
				CLANG_ANALYZER_NUMBER_OBJECT_CONVERSION = YES_AGGRESSIVE;
				CLANG_CXX_LANGUAGE_STANDARD = "gnu++20";
				CLANG_ENABLE_MODULES = YES;
				CLANG_ENABLE_OBJC_ARC = YES;
				CLANG_ENABLE_OBJC_WEAK = YES;
				CLANG_WARN_BLOCK_CAPTURE_AUTORELEASING = YES;
				CLANG_WARN_BOOL_CONVERSION = YES;
				CLANG_WARN_COMMA = YES;
				CLANG_WARN_CONSTANT_CONVERSION = YES;
				CLANG_WARN_DEPRECATED_OBJC_IMPLEMENTATIONS = YES;
				CLANG_WARN_DIRECT_OBJC_ISA_USAGE = YES_ERROR;
				CLANG_WARN_DOCUMENTATION_COMMENTS = YES;
				CLANG_WARN_EMPTY_BODY = YES;
				CLANG_WARN_ENUM_CONVERSION = YES;
				CLANG_WARN_INFINITE_RECURSION = YES;
				CLANG_WARN_INT_CONVERSION = YES;
				CLANG_WARN_NON_LITERAL_NULL_CONVERSION = YES;
				CLANG_WARN_OBJC_IMPLICIT_RETAIN_SELF = YES;
				CLANG_WARN_OBJC_LITERAL_CONVERSION = YES;
				CLANG_WARN_OBJC_ROOT_CLASS = YES_ERROR;
				CLANG_WARN_QUOTED_INCLUDE_IN_FRAMEWORK_HEADER = YES;
				CLANG_WARN_RANGE_LOOP_ANALYSIS = YES;
				CLANG_WARN_STRICT_PROTOTYPES = YES;
				CLANG_WARN_SUSPICIOUS_MOVE = YES;
				CLANG_WARN_UNGUARDED_AVAILABILITY = YES_AGGRESSIVE;
				CLANG_WARN_UNREACHABLE_CODE = YES;
				CLANG_WARN__DUPLICATE_METHOD_MATCH = YES;
				COPY_PHASE_STRIP = NO;
				DEBUG_INFORMATION_FORMAT = dwarf;
				ENABLE_STRICT_OBJC_MSGSEND = YES;
				ENABLE_TESTABILITY = YES;
				ENABLE_USER_SCRIPT_SANDBOXING = YES;
				GCC_C_LANGUAGE_STANDARD = gnu17;
				GCC_DYNAMIC_NO_PIC = NO;
				GCC_NO_COMMON_BLOCKS = YES;
				GCC_OPTIMIZATION_LEVEL = 0;
				GCC_PREPROCESSOR_DEFINITIONS = (
					"DEBUG=1",
					"$(inherited)",
				);
				GCC_WARN_64_TO_32_BIT_CONVERSION = YES;
				GCC_WARN_ABOUT_RETURN_TYPE = YES_ERROR;
				GCC_WARN_UNDECLARED_SELECTOR = YES;
				GCC_WARN_UNINITIALIZED_AUTOS = YES_AGGRESSIVE;
				GCC_WARN_UNUSED_FUNCTION = YES;
				GCC_WARN_UNUSED_VARIABLE = YES;
				IPHONEOS_DEPLOYMENT_TARGET = 18.2;
				LOCALIZATION_PREFERS_STRING_CATALOGS = YES;
				MTL_ENABLE_DEBUG_INFO = INCLUDE_SOURCE;
				MTL_FAST_MATH = YES;
				ONLY_ACTIVE_ARCH = YES;
				SDKROOT = iphoneos;
				SWIFT_ACTIVE_COMPILATION_CONDITIONS = "DEBUG $(inherited)";
				SWIFT_OPTIMIZATION_LEVEL = "-Onone";
			};
			name = Debug;
		};
		7B6492922D6E1AF500231C19 /* Release */ = {
			isa = XCBuildConfiguration;
			buildSettings = {
				ALWAYS_SEARCH_USER_PATHS = NO;
				ASSETCATALOG_COMPILER_GENERATE_SWIFT_ASSET_SYMBOL_EXTENSIONS = YES;
				CLANG_ANALYZER_NONNULL = YES;
				CLANG_ANALYZER_NUMBER_OBJECT_CONVERSION = YES_AGGRESSIVE;
				CLANG_CXX_LANGUAGE_STANDARD = "gnu++20";
				CLANG_ENABLE_MODULES = YES;
				CLANG_ENABLE_OBJC_ARC = YES;
				CLANG_ENABLE_OBJC_WEAK = YES;
				CLANG_WARN_BLOCK_CAPTURE_AUTORELEASING = YES;
				CLANG_WARN_BOOL_CONVERSION = YES;
				CLANG_WARN_COMMA = YES;
				CLANG_WARN_CONSTANT_CONVERSION = YES;
				CLANG_WARN_DEPRECATED_OBJC_IMPLEMENTATIONS = YES;
				CLANG_WARN_DIRECT_OBJC_ISA_USAGE = YES_ERROR;
				CLANG_WARN_DOCUMENTATION_COMMENTS = YES;
				CLANG_WARN_EMPTY_BODY = YES;
				CLANG_WARN_ENUM_CONVERSION = YES;
				CLANG_WARN_INFINITE_RECURSION = YES;
				CLANG_WARN_INT_CONVERSION = YES;
				CLANG_WARN_NON_LITERAL_NULL_CONVERSION = YES;
				CLANG_WARN_OBJC_IMPLICIT_RETAIN_SELF = YES;
				CLANG_WARN_OBJC_LITERAL_CONVERSION = YES;
				CLANG_WARN_OBJC_ROOT_CLASS = YES_ERROR;
				CLANG_WARN_QUOTED_INCLUDE_IN_FRAMEWORK_HEADER = YES;
				CLANG_WARN_RANGE_LOOP_ANALYSIS = YES;
				CLANG_WARN_STRICT_PROTOTYPES = YES;
				CLANG_WARN_SUSPICIOUS_MOVE = YES;
				CLANG_WARN_UNGUARDED_AVAILABILITY = YES_AGGRESSIVE;
				CLANG_WARN_UNREACHABLE_CODE = YES;
				CLANG_WARN__DUPLICATE_METHOD_MATCH = YES;
				COPY_PHASE_STRIP = NO;
				DEBUG_INFORMATION_FORMAT = "dwarf-with-dsym";
				ENABLE_NS_ASSERTIONS = NO;
				ENABLE_STRICT_OBJC_MSGSEND = YES;
				ENABLE_USER_SCRIPT_SANDBOXING = YES;
				GCC_C_LANGUAGE_STANDARD = gnu17;
				GCC_NO_COMMON_BLOCKS = YES;
				GCC_WARN_64_TO_32_BIT_CONVERSION = YES;
				GCC_WARN_ABOUT_RETURN_TYPE = YES_ERROR;
				GCC_WARN_UNDECLARED_SELECTOR = YES;
				GCC_WARN_UNINITIALIZED_AUTOS = YES_AGGRESSIVE;
				GCC_WARN_UNUSED_FUNCTION = YES;
				GCC_WARN_UNUSED_VARIABLE = YES;
				IPHONEOS_DEPLOYMENT_TARGET = 18.2;
				LOCALIZATION_PREFERS_STRING_CATALOGS = YES;
				MTL_ENABLE_DEBUG_INFO = NO;
				MTL_FAST_MATH = YES;
				SDKROOT = iphoneos;
				SWIFT_COMPILATION_MODE = wholemodule;
				VALIDATE_PRODUCT = YES;
			};
			name = Release;
		};
		7B6492942D6E1AF500231C19 /* Debug */ = {
			isa = XCBuildConfiguration;
			buildSettings = {
				ASSETCATALOG_COMPILER_APPICON_NAME = AppIcon;
				ASSETCATALOG_COMPILER_GLOBAL_ACCENT_COLOR_NAME = AccentColor;
				CODE_SIGN_STYLE = Automatic;
				CURRENT_PROJECT_VERSION = 1;
				DEVELOPMENT_ASSET_PATHS = "\"LiesNLegendsOfficial/Preview Content\"";
				DEVELOPMENT_TEAM = BT952D3T8T;
				ENABLE_PREVIEWS = YES;
				GENERATE_INFOPLIST_FILE = YES;
				INFOPLIST_KEY_UIApplicationSceneManifest_Generation = YES;
				INFOPLIST_KEY_UIApplicationSupportsIndirectInputEvents = YES;
				INFOPLIST_KEY_UILaunchScreen_Generation = YES;
				INFOPLIST_KEY_UISupportedInterfaceOrientations_iPad = "UIInterfaceOrientationPortrait UIInterfaceOrientationPortraitUpsideDown UIInterfaceOrientationLandscapeLeft UIInterfaceOrientationLandscapeRight";
				INFOPLIST_KEY_UISupportedInterfaceOrientations_iPhone = "UIInterfaceOrientationPortrait UIInterfaceOrientationLandscapeLeft UIInterfaceOrientationLandscapeRight";
				LD_RUNPATH_SEARCH_PATHS = (
					"$(inherited)",
					"@executable_path/Frameworks",
				);
				MARKETING_VERSION = 1.0;
				PRODUCT_BUNDLE_IDENTIFIER = msu.LiesNLegendsOfficial;
				PRODUCT_NAME = "$(TARGET_NAME)";
				SWIFT_EMIT_LOC_STRINGS = YES;
				SWIFT_VERSION = 5.0;
				TARGETED_DEVICE_FAMILY = "1,2";
			};
			name = Debug;
		};
		7B6492952D6E1AF500231C19 /* Release */ = {
			isa = XCBuildConfiguration;
			buildSettings = {
				ASSETCATALOG_COMPILER_APPICON_NAME = AppIcon;
				ASSETCATALOG_COMPILER_GLOBAL_ACCENT_COLOR_NAME = AccentColor;
				CODE_SIGN_STYLE = Automatic;
				CURRENT_PROJECT_VERSION = 1;
				DEVELOPMENT_ASSET_PATHS = "\"LiesNLegendsOfficial/Preview Content\"";
				DEVELOPMENT_TEAM = BT952D3T8T;
				ENABLE_PREVIEWS = YES;
				GENERATE_INFOPLIST_FILE = YES;
				INFOPLIST_KEY_UIApplicationSceneManifest_Generation = YES;
				INFOPLIST_KEY_UIApplicationSupportsIndirectInputEvents = YES;
				INFOPLIST_KEY_UILaunchScreen_Generation = YES;
				INFOPLIST_KEY_UISupportedInterfaceOrientations_iPad = "UIInterfaceOrientationPortrait UIInterfaceOrientationPortraitUpsideDown UIInterfaceOrientationLandscapeLeft UIInterfaceOrientationLandscapeRight";
				INFOPLIST_KEY_UISupportedInterfaceOrientations_iPhone = "UIInterfaceOrientationPortrait UIInterfaceOrientationLandscapeLeft UIInterfaceOrientationLandscapeRight";
				LD_RUNPATH_SEARCH_PATHS = (
					"$(inherited)",
					"@executable_path/Frameworks",
				);
				MARKETING_VERSION = 1.0;
				PRODUCT_BUNDLE_IDENTIFIER = msu.LiesNLegendsOfficial;
				PRODUCT_NAME = "$(TARGET_NAME)";
				SWIFT_EMIT_LOC_STRINGS = YES;
				SWIFT_VERSION = 5.0;
				TARGETED_DEVICE_FAMILY = "1,2";
			};
			name = Release;
		};
		7B6492972D6E1AF500231C19 /* Debug */ = {
			isa = XCBuildConfiguration;
			buildSettings = {
				BUNDLE_LOADER = "$(TEST_HOST)";
				CODE_SIGN_STYLE = Automatic;
				CURRENT_PROJECT_VERSION = 1;
				DEVELOPMENT_TEAM = BT952D3T8T;
				GENERATE_INFOPLIST_FILE = YES;
				IPHONEOS_DEPLOYMENT_TARGET = 18.2;
				MARKETING_VERSION = 1.0;
				PRODUCT_BUNDLE_IDENTIFIER = msu.LiesNLegendsOfficialTests;
				PRODUCT_NAME = "$(TARGET_NAME)";
				SWIFT_EMIT_LOC_STRINGS = NO;
				SWIFT_VERSION = 5.0;
				TARGETED_DEVICE_FAMILY = "1,2";
				TEST_HOST = "$(BUILT_PRODUCTS_DIR)/LiesNLegendsOfficial.app/$(BUNDLE_EXECUTABLE_FOLDER_PATH)/LiesNLegendsOfficial";
			};
			name = Debug;
		};
		7B6492982D6E1AF500231C19 /* Release */ = {
			isa = XCBuildConfiguration;
			buildSettings = {
				BUNDLE_LOADER = "$(TEST_HOST)";
				CODE_SIGN_STYLE = Automatic;
				CURRENT_PROJECT_VERSION = 1;
				DEVELOPMENT_TEAM = BT952D3T8T;
				GENERATE_INFOPLIST_FILE = YES;
				IPHONEOS_DEPLOYMENT_TARGET = 18.2;
				MARKETING_VERSION = 1.0;
				PRODUCT_BUNDLE_IDENTIFIER = msu.LiesNLegendsOfficialTests;
				PRODUCT_NAME = "$(TARGET_NAME)";
				SWIFT_EMIT_LOC_STRINGS = NO;
				SWIFT_VERSION = 5.0;
				TARGETED_DEVICE_FAMILY = "1,2";
				TEST_HOST = "$(BUILT_PRODUCTS_DIR)/LiesNLegendsOfficial.app/$(BUNDLE_EXECUTABLE_FOLDER_PATH)/LiesNLegendsOfficial";
			};
			name = Release;
		};
		7B64929A2D6E1AF500231C19 /* Debug */ = {
			isa = XCBuildConfiguration;
			buildSettings = {
				CODE_SIGN_STYLE = Automatic;
				CURRENT_PROJECT_VERSION = 1;
				DEVELOPMENT_TEAM = BT952D3T8T;
				GENERATE_INFOPLIST_FILE = YES;
				MARKETING_VERSION = 1.0;
				PRODUCT_BUNDLE_IDENTIFIER = msu.LiesNLegendsOfficialUITests;
				PRODUCT_NAME = "$(TARGET_NAME)";
				SWIFT_EMIT_LOC_STRINGS = NO;
				SWIFT_VERSION = 5.0;
				TARGETED_DEVICE_FAMILY = "1,2";
				TEST_TARGET_NAME = LiesNLegendsOfficial;
			};
			name = Debug;
		};
		7B64929B2D6E1AF500231C19 /* Release */ = {
			isa = XCBuildConfiguration;
			buildSettings = {
				CODE_SIGN_STYLE = Automatic;
				CURRENT_PROJECT_VERSION = 1;
				DEVELOPMENT_TEAM = BT952D3T8T;
				GENERATE_INFOPLIST_FILE = YES;
				MARKETING_VERSION = 1.0;
				PRODUCT_BUNDLE_IDENTIFIER = msu.LiesNLegendsOfficialUITests;
				PRODUCT_NAME = "$(TARGET_NAME)";
				SWIFT_EMIT_LOC_STRINGS = NO;
				SWIFT_VERSION = 5.0;
				TARGETED_DEVICE_FAMILY = "1,2";
				TEST_TARGET_NAME = LiesNLegendsOfficial;
			};
			name = Release;
		};
/* End XCBuildConfiguration section */

/* Begin XCConfigurationList section */
		7B64926A2D6E1AF300231C19 /* Build configuration list for PBXProject "LiesNLegendsOfficial" */ = {
			isa = XCConfigurationList;
			buildConfigurations = (
				7B6492912D6E1AF500231C19 /* Debug */,
				7B6492922D6E1AF500231C19 /* Release */,
			);
			defaultConfigurationIsVisible = 0;
			defaultConfigurationName = Release;
		};
		7B6492932D6E1AF500231C19 /* Build configuration list for PBXNativeTarget "LiesNLegendsOfficial" */ = {
			isa = XCConfigurationList;
			buildConfigurations = (
				7B6492942D6E1AF500231C19 /* Debug */,
				7B6492952D6E1AF500231C19 /* Release */,
			);
			defaultConfigurationIsVisible = 0;
			defaultConfigurationName = Release;
		};
		7B6492962D6E1AF500231C19 /* Build configuration list for PBXNativeTarget "LiesNLegendsOfficialTests" */ = {
			isa = XCConfigurationList;
			buildConfigurations = (
				7B6492972D6E1AF500231C19 /* Debug */,
				7B6492982D6E1AF500231C19 /* Release */,
			);
			defaultConfigurationIsVisible = 0;
			defaultConfigurationName = Release;
		};
		7B6492992D6E1AF500231C19 /* Build configuration list for PBXNativeTarget "LiesNLegendsOfficialUITests" */ = {
			isa = XCConfigurationList;
			buildConfigurations = (
				7B64929A2D6E1AF500231C19 /* Debug */,
				7B64929B2D6E1AF500231C19 /* Release */,
			);
			defaultConfigurationIsVisible = 0;
			defaultConfigurationName = Release;
		};
/* End XCConfigurationList section */
	};
	rootObject = 7B6492672D6E1AF300231C19 /* Project object */;
}
